
Microsoft Visual Studio Solution File, Format Version 12.00
# Visual Studio Version 17
VisualStudioVersion = 17.5.33502.453
MinimumVisualStudioVersion = 10.0.40219.1
Project("{FAE04EC0-301F-11D3-BF4B-00C04F79EFBC}") = "Task1", "Task1\Task1.csproj", "{1EC7C7CF-9B55-43C8-BE51-5AD600EA7AB9}"
EndProject
Project("{FAE04EC0-301F-11D3-BF4B-00C04F79EFBC}") = "Task2", "Task2\Task2.csproj", "{811911B9-00AB-43E0-8BA0-D1B75B03CC33}"
EndProject
Global
	GlobalSection(SolutionConfigurationPlatforms) = preSolution
		Debug|Any CPU = Debug|Any CPU
		Release|Any CPU = Release|Any CPU
	EndGlobalSection
	GlobalSection(ProjectConfigurationPlatforms) = postSolution
		{1EC7C7CF-9B55-43C8-BE51-5AD600EA7AB9}.Debug|Any CPU.ActiveCfg = Debug|Any CPU
		{1EC7C7CF-9B55-43C8-BE51-5AD600EA7AB9}.Debug|Any CPU.Build.0 = Debug|Any CPU
		{1EC7C7CF-9B55-43C8-BE51-5AD600EA7AB9}.Release|Any CPU.ActiveCfg = Release|Any CPU
		{1EC7C7CF-9B55-43C8-BE51-5AD600EA7AB9}.Release|Any CPU.Build.0 = Release|Any CPU
		{811911B9-00AB-43E0-8BA0-D1B75B03CC33}.Debug|Any CPU.ActiveCfg = Debug|Any CPU
		{811911B9-00AB-43E0-8BA0-D1B75B03CC33}.Debug|Any CPU.Build.0 = Debug|Any CPU
		{811911B9-00AB-43E0-8BA0-D1B75B03CC33}.Release|Any CPU.ActiveCfg = Release|Any CPU
		{811911B9-00AB-43E0-8BA0-D1B75B03CC33}.Release|Any CPU.Build.0 = Release|Any CPU
	EndGlobalSection
	GlobalSection(SolutionProperties) = preSolution
		HideSolutionNode = FALSE
	EndGlobalSection
	GlobalSection(ExtensibilityGlobals) = postSolution
		SolutionGuid = {876D23CD-8306-4FED-BD2F-6ABA4E63661E}
	EndGlobalSection
EndGlobal
